<?xml version="1.0" encoding="utf-8"?>
<Project ToolsVersion="4.0" xmlns="http://schemas.microsoft.com/developer/msbuild/2003">
  <ItemGroup>
    <Filter Include="源文件">
      <UniqueIdentifier>{4FC737F1-C7A5-4376-A066-2A32D752A2FF}</UniqueIdentifier>
      <Extensions>cpp;c;cc;cxx;def;odl;idl;hpj;bat;asm;asmx</Extensions>
    </Filter>
    <Filter Include="头文件">
      <UniqueIdentifier>{93995380-89BD-4b04-88EB-625FBE52EBFB}</UniqueIdentifier>
      <Extensions>h;hh;hpp;hxx;hm;inl;inc;ipp;xsd</Extensions>
    </Filter>
    <Filter Include="资源文件">
      <UniqueIdentifier>{67DA6AB6-F800-4c08-8B7A-83BB121AAD01}</UniqueIdentifier>
      <Extensions>rc;ico;cur;bmp;dlg;rc2;rct;bin;rgs;gif;jpg;jpeg;jpe;resx;tiff;tif;png;wav;mfcribbon-ms</Extensions>
    </Filter>
  </ItemGroup>
  <ItemGroup>
    <ClInclude Include="MIPFaster.h">
      <Filter>头文件</Filter>
    </ClInclude>
    <ClInclude Include="MIPFasterDlg.h">
      <Filter>头文件</Filter>
    </ClInclude>
    <ClInclude Include="framework.h">
      <Filter>头文件</Filter>
    </ClInclude>
    <ClInclude Include="targetver.h">
      <Filter>头文件</Filter>
    </ClInclude>
    <ClInclude Include="Resource.h">
      <Filter>头文件</Filter>
    </ClInclude>
    <ClInclude Include="pch.h">
      <Filter>头文件</Filter>
    </ClInclude>
    <ClInclude Include="MyDIB.h">
      <Filter>头文件</Filter>
    </ClInclude>
    <ClInclude Include="ColorTrans.h">
      <Filter>头文件</Filter>
    </ClInclude>
    <ClInclude Include="HSVDialog.h">
      <Filter>头文件</Filter>
    </ClInclude>
    <ClInclude Include="global.h">
      <Filter>头文件</Filter>
    </ClInclude>
    <ClInclude Include="SpatialEnhancement.h">
      <Filter>头文件</Filter>
    </ClInclude>
    <ClInclude Include="LinearTransDlg.h">
      <Filter>头文件</Filter>
    </ClInclude>
    <ClInclude Include="SegLinearDlg.h">
      <Filter>头文件</Filter>
    </ClInclude>
    <ClInclude Include="ImageOperation.h">
      <Filter>头文件</Filter>
    </ClInclude>
    <ClInclude Include="ImageOperationDlg.h">
      <Filter>头文件</Filter>
    </ClInclude>
    <ClInclude Include="RotateDlg.h">
      <Filter>头文件</Filter>
    </ClInclude>
    <ClInclude Include="FourierTrans.h">
      <Filter>头文件</Filter>
    </ClInclude>
    <ClInclude Include="ImageFourierTrans.h">
      <Filter>头文件</Filter>
    </ClInclude>
    <ClInclude Include="ImageFreqFilter.h">
      <Filter>头文件</Filter>
    </ClInclude>
    <ClInclude Include="ImageRestore.h">
      <Filter>头文件</Filter>
    </ClInclude>
    <ClInclude Include="ImageMorphology.h">
      <Filter>头文件</Filter>
    </ClInclude>
    <ClInclude Include="ImageSegmentation.h">
      <Filter>头文件</Filter>
    </ClInclude>
    <ClInclude Include="split.h">
      <Filter>头文件</Filter>
    </ClInclude>
  </ItemGroup>
  <ItemGroup>
    <ClCompile Include="MIPFaster.cpp">
      <Filter>源文件</Filter>
    </ClCompile>
    <ClCompile Include="MIPFasterDlg.cpp">
      <Filter>源文件</Filter>
    </ClCompile>
    <ClCompile Include="pch.cpp">
      <Filter>源文件</Filter>
    </ClCompile>
    <ClCompile Include="MyDIB.cpp">
      <Filter>源文件</Filter>
    </ClCompile>
    <ClCompile Include="ColorTrans.cpp">
      <Filter>源文件</Filter>
    </ClCompile>
    <ClCompile Include="HSVDialog.cpp">
      <Filter>源文件</Filter>
    </ClCompile>
    <ClCompile Include="SpatialEnhancement.cpp">
      <Filter>源文件</Filter>
    </ClCompile>
    <ClCompile Include="LinearTransDlg.cpp">
      <Filter>源文件</Filter>
    </ClCompile>
    <ClCompile Include="SegLinearDlg.cpp">
      <Filter>源文件</Filter>
    </ClCompile>
    <ClCompile Include="ImageOperation.cpp">
      <Filter>源文件</Filter>
    </ClCompile>
    <ClCompile Include="ImageOperationDlg.cpp">
      <Filter>源文件</Filter>
    </ClCompile>
    <ClCompile Include="RotateDlg.cpp">
      <Filter>源文件</Filter>
    </ClCompile>
    <ClCompile Include="FourierTrans.cpp">
      <Filter>源文件</Filter>
    </ClCompile>
    <ClCompile Include="ImageFourierTrans.cpp">
      <Filter>源文件</Filter>
    </ClCompile>
    <ClCompile Include="ImageFreqFilter.cpp">
      <Filter>源文件</Filter>
    </ClCompile>
    <ClCompile Include="ImageRestore.cpp">
      <Filter>源文件</Filter>
    </ClCompile>
    <ClCompile Include="ImageMorphology.cpp">
      <Filter>源文件</Filter>
    </ClCompile>
    <ClCompile Include="ImageSegmentation.cpp">
      <Filter>源文件</Filter>
    </ClCompile>
    <ClCompile Include="split.cpp">
      <Filter>源文件</Filter>
    </ClCompile>
  </ItemGroup>
  <ItemGroup>
    <ResourceCompile Include="MIPFaster.rc">
      <Filter>资源文件</Filter>
    </ResourceCompile>
  </ItemGroup>
  <ItemGroup>
    <None Include="res\MIPFaster.rc2">
      <Filter>资源文件</Filter>
    </None>
  </ItemGroup>
  <ItemGroup>
    <Image Include="res\MIPFaster.ico">
      <Filter>资源文件</Filter>
    </Image>
    <Image Include="res\icon1.ico">
      <Filter>资源文件</Filter>
    </Image>
  </ItemGroup>
</Project>